{
  "name": "vite-starter",
  "version": "0.0.0",
  "lockfileVersion": 3,
  "requires": true,
  "packages": {
    "": {
      "name": "vite-starter",
      "version": "0.0.0",
      "dependencies": {
        "express": "^4.18.2",
        "vite-express": "*"
      },
      "devDependencies": {
        "nodemon": "^2.0.20",
        "vite": "^4.0.4"
      }
    },
    "scripts":{
      "start":"node src/server/server.js"
    }
}
}
